
Microsoft Visual Studio Solution File, Format Version 12.00
# Visual Studio Version 17
VisualStudioVersion = 17.8.34511.84
MinimumVisualStudioVersion = 10.0.40219.1
Project("{9A19103F-16F7-4668-BE54-9A1E7A4F7556}") = "Infrastructure.Data.Abstractions", "Infrastructure.Data.Abstractions\Infrastructure.Data.Abstractions.csproj", "{1E285E99-B7DD-4EE5-818C-3370C4080B0D}"
EndProject
Global
	GlobalSection(SolutionConfigurationPlatforms) = preSolution
		Debug|Any CPU = Debug|Any CPU
		Release|Any CPU = Release|Any CPU
	EndGlobalSection
	GlobalSection(ProjectConfigurationPlatforms) = postSolution
		{1E285E99-B7DD-4EE5-818C-3370C4080B0D}.Debug|Any CPU.ActiveCfg = Debug|Any CPU
		{1E285E99-B7DD-4EE5-818C-3370C4080B0D}.Debug|Any CPU.Build.0 = Debug|Any CPU
		{1E285E99-B7DD-4EE5-818C-3370C4080B0D}.Release|Any CPU.ActiveCfg = Release|Any CPU
		{1E285E99-B7DD-4EE5-818C-3370C4080B0D}.Release|Any CPU.Build.0 = Release|Any CPU
	EndGlobalSection
	GlobalSection(SolutionProperties) = preSolution
		HideSolutionNode = FALSE
	EndGlobalSection
	GlobalSection(ExtensibilityGlobals) = postSolution
		SolutionGuid = {5035DB11-1833-4F22-8446-1E5DE5A1B544}
	EndGlobalSection
EndGlobal
